<Project xmlns="http://schemas.microsoft.com/developer/msbuild/2003">
  <PropertyGroup>
    <ProjectGuid>{F12B987E-7D3A-41AF-B4D0-89C26BE5958E}</ProjectGuid>
    <MainSource>AgentTests.dpr</MainSource>
    <Base>true</Base>
    <Config Condition="'$(Config)'==''">Debug</Config>
    <Platform Condition="'$(Platform)'==''">Win64</Platform>
    <TargetedPlatforms>2</TargetedPlatforms>
    <AppType>Console</AppType>
    <FrameworkType>None</FrameworkType>
    <ProjectVersion>20.4</ProjectVersion>
  </PropertyGroup>
  <PropertyGroup Condition="'$(Base)'!=''">
    <DCC_Namespace>System;System.Win;Winapi;Data;Xml;$(DCC_Namespace)</DCC_Namespace>
    <DCC_UnitSearchPath>..;..\..\Robber;..\..\Robber\PEParser;$(DCC_UnitSearchPath)</DCC_UnitSearchPath>
  </PropertyGroup>
  <ItemGroup>
    <DelphiCompile Include="$(MainSource)">
      <MainSource>MainSource</MainSource>
    </DelphiCompile>
  </ItemGroup>
  <ProjectExtensions>
    <Borland.Personality>Delphi.Personality.12</Borland.Personality>
    <ProjectFileVersion>12</ProjectFileVersion>
  </ProjectExtensions>
  <Import Project="$(BDS)\Bin\CodeGear.Delphi.Targets"
          Condition="Exists('$(BDS)\Bin\CodeGear.Delphi.Targets')"/>
</Project>
